// !$*UTF8*$!
{
	archiveVersion = 1;
	classes = {
	};
	objectVersion = 56;
	objects = {

/* Begin PBXBuildFile section */
		6503BF822A7BFFFC0073ED01 /* TodoList.xcdatamodeld in Sources */ = {isa = PBXBuildFile; fileRef = 6503BF802A7BFFFC0073ED01 /* TodoList.xcdatamodeld */; };
		6503BF842A7C003F0073ED01 /* DataController.swift in Sources */ = {isa = PBXBuildFile; fileRef = 6503BF832A7C003F0073ED01 /* DataController.swift */; };
		6503BF872A7C00AC0073ED01 /* TaskEntity+CoreDataClass.swift in Sources */ = {isa = PBXBuildFile; fileRef = 6503BF852A7C00AC0073ED01 /* TaskEntity+CoreDataClass.swift */; };
		6503BF882A7C00AC0073ED01 /* TaskEntity+CoreDataProperties.swift in Sources */ = {isa = PBXBuildFile; fileRef = 6503BF862A7C00AC0073ED01 /* TaskEntity+CoreDataProperties.swift */; };
		6503BF8B2A7C01CA0073ED01 /* Content-ViewModel.swift in Sources */ = {isa = PBXBuildFile; fileRef = 6503BF8A2A7C01CA0073ED01 /* Content-ViewModel.swift */; };
		6503BF8F2A7C059E0073ED01 /* AddTaskView.swift in Sources */ = {isa = PBXBuildFile; fileRef = 6503BF8E2A7C059E0073ED01 /* AddTaskView.swift */; };
		6503BF912A7C0EB50073ED01 /* AddTask-ViewModel.swift in Sources */ = {isa = PBXBuildFile; fileRef = 6503BF902A7C0EB50073ED01 /* AddTask-ViewModel.swift */; };
		6503BF932A7C1B7C0073ED01 /* TaskDetailView.swift in Sources */ = {isa = PBXBuildFile; fileRef = 6503BF922A7C1B7C0073ED01 /* TaskDetailView.swift */; };
		6503BF962A7C1CC50073ED01 /* DateRange.swift in Sources */ = {isa = PBXBuildFile; fileRef = 6503BF952A7C1CC50073ED01 /* DateRange.swift */; };
		65E993E62A7BC5FE00CC206D /* TodoListApp.swift in Sources */ = {isa = PBXBuildFile; fileRef = 65E993E52A7BC5FE00CC206D /* TodoListApp.swift */; };
		65E993E82A7BC5FE00CC206D /* ContentView.swift in Sources */ = {isa = PBXBuildFile; fileRef = 65E993E72A7BC5FE00CC206D /* ContentView.swift */; };
		65E993EA2A7BC5FF00CC206D /* Assets.xcassets in Resources */ = {isa = PBXBuildFile; fileRef = 65E993E92A7BC5FF00CC206D /* Assets.xcassets */; };
		65E993ED2A7BC5FF00CC206D /* Preview Assets.xcassets in Resources */ = {isa = PBXBuildFile; fileRef = 65E993EC2A7BC5FF00CC206D /* Preview Assets.xcassets */; };
		65E993F72A7BC5FF00CC206D /* TodoListTests.swift in Sources */ = {isa = PBXBuildFile; fileRef = 65E993F62A7BC5FF00CC206D /* TodoListTests.swift */; };
		65E994012A7BC5FF00CC206D /* TodoListUITests.swift in Sources */ = {isa = PBXBuildFile; fileRef = 65E994002A7BC5FF00CC206D /* TodoListUITests.swift */; };
		65E994032A7BC5FF00CC206D /* TodoListUITestsLaunchTests.swift in Sources */ = {isa = PBXBuildFile; fileRef = 65E994022A7BC5FF00CC206D /* TodoListUITestsLaunchTests.swift */; };
/* End PBXBuildFile section */

/* Begin PBXContainerItemProxy section */
		65E993F32A7BC5FF00CC206D /* PBXContainerItemProxy */ = {
			isa = PBXContainerItemProxy;
			containerPortal = 65E993DA2A7BC5FE00CC206D /* Project object */;
			proxyType = 1;
			remoteGlobalIDString = 65E993E12A7BC5FE00CC206D;
			remoteInfo = TodoList;
		};
		65E993FD2A7BC5FF00CC206D /* PBXContainerItemProxy */ = {
			isa = PBXContainerItemProxy;
			containerPortal = 65E993DA2A7BC5FE00CC206D /* Project object */;
			proxyType = 1;
			remoteGlobalIDString = 65E993E12A7BC5FE00CC206D;
			remoteInfo = TodoList;
		};
/* End PBXContainerItemProxy section */

/* Begin PBXFileReference section */
		6503BF812A7BFFFC0073ED01 /* TodoList.xcdatamodel */ = {isa = PBXFileReference; lastKnownFileType = wrapper.xcdatamodel; path = TodoList.xcdatamodel; sourceTree = "<group>"; };
		6503BF832A7C003F0073ED01 /* DataController.swift */ = {isa = PBXFileReference; lastKnownFileType = sourcecode.swift; path = DataController.swift; sourceTree = "<group>"; };
		6503BF852A7C00AC0073ED01 /* TaskEntity+CoreDataClass.swift */ = {isa = PBXFileReference; lastKnownFileType = sourcecode.swift; path = "TaskEntity+CoreDataClass.swift"; sourceTree = "<group>"; };
		6503BF862A7C00AC0073ED01 /* TaskEntity+CoreDataProperties.swift */ = {isa = PBXFileReference; lastKnownFileType = sourcecode.swift; path = "TaskEntity+CoreDataProperties.swift"; sourceTree = "<group>"; };
		6503BF8A2A7C01CA0073ED01 /* Content-ViewModel.swift */ = {isa = PBXFileReference; lastKnownFileType = sourcecode.swift; path = "Content-ViewModel.swift"; sourceTree = "<group>"; };
		6503BF8E2A7C059E0073ED01 /* AddTaskView.swift */ = {isa = PBXFileReference; lastKnownFileType = sourcecode.swift; path = AddTaskView.swift; sourceTree = "<group>"; };
		6503BF902A7C0EB50073ED01 /* AddTask-ViewModel.swift */ = {isa = PBXFileReference; lastKnownFileType = sourcecode.swift; path = "AddTask-ViewModel.swift"; sourceTree = "<group>"; };
		6503BF922A7C1B7C0073ED01 /* TaskDetailView.swift */ = {isa = PBXFileReference; lastKnownFileType = sourcecode.swift; path = TaskDetailView.swift; sourceTree = "<group>"; };
		6503BF952A7C1CC50073ED01 /* DateRange.swift */ = {isa = PBXFileReference; lastKnownFileType = sourcecode.swift; path = DateRange.swift; sourceTree = "<group>"; };
		65E993E22A7BC5FE00CC206D /* TodoList.app */ = {isa = PBXFileReference; explicitFileType = wrapper.application; includeInIndex = 0; path = TodoList.app; sourceTree = BUILT_PRODUCTS_DIR; };
		65E993E52A7BC5FE00CC206D /* TodoListApp.swift */ = {isa = PBXFileReference; lastKnownFileType = sourcecode.swift; path = TodoListApp.swift; sourceTree = "<group>"; };
		65E993E72A7BC5FE00CC206D /* ContentView.swift */ = {isa = PBXFileReference; lastKnownFileType = sourcecode.swift; path = ContentView.swift; sourceTree = "<group>"; };
		65E993E92A7BC5FF00CC206D /* Assets.xcassets */ = {isa = PBXFileReference; lastKnownFileType = folder.assetcatalog; path = Assets.xcassets; sourceTree = "<group>"; };
		65E993EC2A7BC5FF00CC206D /* Preview Assets.xcassets */ = {isa = PBXFileReference; lastKnownFileType = folder.assetcatalog; path = "Preview Assets.xcassets"; sourceTree = "<group>"; };
		65E993F22A7BC5FF00CC206D /* TodoListTests.xctest */ = {isa = PBXFileReference; explicitFileType = wrapper.cfbundle; includeInIndex = 0; path = TodoListTests.xctest; sourceTree = BUILT_PRODUCTS_DIR; };
		65E993F62A7BC5FF00CC206D /* TodoListTests.swift */ = {isa = PBXFileReference; lastKnownFileType = sourcecode.swift; path = TodoListTests.swift; sourceTree = "<group>"; };
		65E993FC2A7BC5FF00CC206D /* TodoListUITests.xctest */ = {isa = PBXFileReference; explicitFileType = wrapper.cfbundle; includeInIndex = 0; path = TodoListUITests.xctest; sourceTree = BUILT_PRODUCTS_DIR; };
		65E994002A7BC5FF00CC206D /* TodoListUITests.swift */ = {isa = PBXFileReference; lastKnownFileType = sourcecode.swift; path = TodoListUITests.swift; sourceTree = "<group>"; };
		65E994022A7BC5FF00CC206D /* TodoListUITestsLaunchTests.swift */ = {isa = PBXFileReference; lastKnownFileType = sourcecode.swift; path = TodoListUITestsLaunchTests.swift; sourceTree = "<group>"; };
/* End PBXFileReference section */

/* Begin PBXFrameworksBuildPhase section */
		65E993DF2A7BC5FE00CC206D /* Frameworks */ = {
			isa = PBXFrameworksBuildPhase;
			buildActionMask = 2147483647;
			files = (
			);
			runOnlyForDeploymentPostprocessing = 0;
		};
		65E993EF2A7BC5FF00CC206D /* Frameworks */ = {
			isa = PBXFrameworksBuildPhase;
			buildActionMask = 2147483647;
			files = (
			);
			runOnlyForDeploymentPostprocessing = 0;
		};
		65E993F92A7BC5FF00CC206D /* Frameworks */ = {
			isa = PBXFrameworksBuildPhase;
			buildActionMask = 2147483647;
			files = (
			);
			runOnlyForDeploymentPostprocessing = 0;
		};
/* End PBXFrameworksBuildPhase section */

/* Begin PBXGroup section */
		6503BF892A7C00B20073ED01 /* Model */ = {
			isa = PBXGroup;
			children = (
				6503BF802A7BFFFC0073ED01 /* TodoList.xcdatamodeld */,
				6503BF852A7C00AC0073ED01 /* TaskEntity+CoreDataClass.swift */,
				6503BF862A7C00AC0073ED01 /* TaskEntity+CoreDataProperties.swift */,
			);
			path = Model;
			sourceTree = "<group>";
		};
		6503BF8C2A7C04F90073ED01 /* Views */ = {
			isa = PBXGroup;
			children = (
				65E993E72A7BC5FE00CC206D /* ContentView.swift */,
				6503BF8E2A7C059E0073ED01 /* AddTaskView.swift */,
				6503BF922A7C1B7C0073ED01 /* TaskDetailView.swift */,
			);
			path = Views;
			sourceTree = "<group>";
		};
		6503BF8D2A7C04FE0073ED01 /* View Model */ = {
			isa = PBXGroup;
			children = (
				6503BF832A7C003F0073ED01 /* DataController.swift */,
				6503BF8A2A7C01CA0073ED01 /* Content-ViewModel.swift */,
				6503BF902A7C0EB50073ED01 /* AddTask-ViewModel.swift */,
			);
			path = "View Model";
			sourceTree = "<group>";
		};
		6503BF942A7C1CB80073ED01 /* Helper */ = {
			isa = PBXGroup;
			children = (
				6503BF952A7C1CC50073ED01 /* DateRange.swift */,
			);
			path = Helper;
			sourceTree = "<group>";
		};
		65E993D92A7BC5FE00CC206D = {
			isa = PBXGroup;
			children = (
				65E993E42A7BC5FE00CC206D /* TodoList */,
				65E993F52A7BC5FF00CC206D /* TodoListTests */,
				65E993FF2A7BC5FF00CC206D /* TodoListUITests */,
				65E993E32A7BC5FE00CC206D /* Products */,
			);
			sourceTree = "<group>";
		};
		65E993E32A7BC5FE00CC206D /* Products */ = {
			isa = PBXGroup;
			children = (
				65E993E22A7BC5FE00CC206D /* TodoList.app */,
				65E993F22A7BC5FF00CC206D /* TodoListTests.xctest */,
				65E993FC2A7BC5FF00CC206D /* TodoListUITests.xctest */,
			);
			name = Products;
			sourceTree = "<group>";
		};
		65E993E42A7BC5FE00CC206D /* TodoList */ = {
			isa = PBXGroup;
			children = (
				65E993E52A7BC5FE00CC206D /* TodoListApp.swift */,
				6503BF942A7C1CB80073ED01 /* Helper */,
				6503BF8C2A7C04F90073ED01 /* Views */,
				6503BF8D2A7C04FE0073ED01 /* View Model */,
				6503BF892A7C00B20073ED01 /* Model */,
				65E993E92A7BC5FF00CC206D /* Assets.xcassets */,
				65E993EB2A7BC5FF00CC206D /* Preview Content */,
			);
			path = TodoList;
			sourceTree = "<group>";
		};
		65E993EB2A7BC5FF00CC206D /* Preview Content */ = {
			isa = PBXGroup;
			children = (
				65E993EC2A7BC5FF00CC206D /* Preview Assets.xcassets */,
			);
			path = "Preview Content";
			sourceTree = "<group>";
		};
		65E993F52A7BC5FF00CC206D /* TodoListTests */ = {
			isa = PBXGroup;
			children = (
				65E993F62A7BC5FF00CC206D /* TodoListTests.swift */,
			);
			path = TodoListTests;
			sourceTree = "<group>";
		};
		65E993FF2A7BC5FF00CC206D /* TodoListUITests */ = {
			isa = PBXGroup;
			children = (
				65E994002A7BC5FF00CC206D /* TodoListUITests.swift */,
				65E994022A7BC5FF00CC206D /* TodoListUITestsLaunchTests.swift */,
			);
			path = TodoListUITests;
			sourceTree = "<group>";
		};
/* End PBXGroup section */

/* Begin PBXNativeTarget section */
		65E993E12A7BC5FE00CC206D /* TodoList */ = {
			isa = PBXNativeTarget;
			buildConfigurationList = 65E994062A7BC5FF00CC206D /* Build configuration list for PBXNativeTarget "TodoList" */;
			buildPhases = (
				65E993DE2A7BC5FE00CC206D /* Sources */,
				65E993DF2A7BC5FE00CC206D /* Frameworks */,
				65E993E02A7BC5FE00CC206D /* Resources */,
			);
			buildRules = (
			);
			dependencies = (
			);
			name = TodoList;
			productName = TodoList;
			productReference = 65E993E22A7BC5FE00CC206D /* TodoList.app */;
			productType = "com.apple.product-type.application";
		};
		65E993F12A7BC5FF00CC206D /* TodoListTests */ = {
			isa = PBXNativeTarget;
			buildConfigurationList = 65E994092A7BC5FF00CC206D /* Build configuration list for PBXNativeTarget "TodoListTests" */;
			buildPhases = (
				65E993EE2A7BC5FF00CC206D /* Sources */,
				65E993EF2A7BC5FF00CC206D /* Frameworks */,
				65E993F02A7BC5FF00CC206D /* Resources */,
			);
			buildRules = (
			);
			dependencies = (
				65E993F42A7BC5FF00CC206D /* PBXTargetDependency */,
			);
			name = TodoListTests;
			productName = TodoListTests;
			productReference = 65E993F22A7BC5FF00CC206D /* TodoListTests.xctest */;
			productType = "com.apple.product-type.bundle.unit-test";
		};
		65E993FB2A7BC5FF00CC206D /* TodoListUITests */ = {
			isa = PBXNativeTarget;
			buildConfigurationList = 65E9940C2A7BC5FF00CC206D /* Build configuration list for PBXNativeTarget "TodoListUITests" */;
			buildPhases = (
				65E993F82A7BC5FF00CC206D /* Sources */,
				65E993F92A7BC5FF00CC206D /* Frameworks */,
				65E993FA2A7BC5FF00CC206D /* Resources */,
			);
			buildRules = (
			);
			dependencies = (
				65E993FE2A7BC5FF00CC206D /* PBXTargetDependency */,
			);
			name = TodoListUITests;
			productName = TodoListUITests;
			productReference = 65E993FC2A7BC5FF00CC206D /* TodoListUITests.xctest */;
			productType = "com.apple.product-type.bundle.ui-testing";
		};
/* End PBXNativeTarget section */

/* Begin PBXProject section */
		65E993DA2A7BC5FE00CC206D /* Project object */ = {
			isa = PBXProject;
			attributes = {
				BuildIndependentTargetsInParallel = 1;
				LastSwiftUpdateCheck = 1430;
				LastUpgradeCheck = 1430;
				TargetAttributes = {
					65E993E12A7BC5FE00CC206D = {
						CreatedOnToolsVersion = 14.3.1;
					};
					65E993F12A7BC5FF00CC206D = {
						CreatedOnToolsVersion = 14.3.1;
						TestTargetID = 65E993E12A7BC5FE00CC206D;
					};
					65E993FB2A7BC5FF00CC206D = {
						CreatedOnToolsVersion = 14.3.1;
						TestTargetID = 65E993E12A7BC5FE00CC206D;
					};
				};
			};
			buildConfigurationList = 65E993DD2A7BC5FE00CC206D /* Build configuration list for PBXProject "TodoList" */;
			compatibilityVersion = "Xcode 14.0";
			developmentRegion = en;
			hasScannedForEncodings = 0;
			knownRegions = (
				en,
				Base,
			);
			mainGroup = 65E993D92A7BC5FE00CC206D;
			productRefGroup = 65E993E32A7BC5FE00CC206D /* Products */;
			projectDirPath = "";
			projectRoot = "";
			targets = (
				65E993E12A7BC5FE00CC206D /* TodoList */,
				65E993F12A7BC5FF00CC206D /* TodoListTests */,
				65E993FB2A7BC5FF00CC206D /* TodoListUITests */,
			);
		};
/* End PBXProject section */

/* Begin PBXResourcesBuildPhase section */
		65E993E02A7BC5FE00CC206D /* Resources */ = {
			isa = PBXResourcesBuildPhase;
			buildActionMask = 2147483647;
			files = (
				65E993ED2A7BC5FF00CC206D /* Preview Assets.xcassets in Resources */,
				65E993EA2A7BC5FF00CC206D /* Assets.xcassets in Resources */,
			);
			runOnlyForDeploymentPostprocessing = 0;
		};
		65E993F02A7BC5FF00CC206D /* Resources */ = {
			isa = PBXResourcesBuildPhase;
			buildActionMask = 2147483647;
			files = (
			);
			runOnlyForDeploymentPostprocessing = 0;
		};
		65E993FA2A7BC5FF00CC206D /* Resources */ = {
			isa = PBXResourcesBuildPhase;
			buildActionMask = 2147483647;
			files = (
			);
			runOnlyForDeploymentPostprocessing = 0;
		};
/* End PBXResourcesBuildPhase section */

/* Begin PBXSourcesBuildPhase section */
		65E993DE2A7BC5FE00CC206D /* Sources */ = {
			isa = PBXSourcesBuildPhase;
			buildActionMask = 2147483647;
			files = (
				65E993E82A7BC5FE00CC206D /* ContentView.swift in Sources */,
				6503BF912A7C0EB50073ED01 /* AddTask-ViewModel.swift in Sources */,
				6503BF842A7C003F0073ED01 /* DataController.swift in Sources */,
				6503BF962A7C1CC50073ED01 /* DateRange.swift in Sources */,
				65E993E62A7BC5FE00CC206D /* TodoListApp.swift in Sources */,
				6503BF932A7C1B7C0073ED01 /* TaskDetailView.swift in Sources */,
				6503BF8F2A7C059E0073ED01 /* AddTaskView.swift in Sources */,
				6503BF8B2A7C01CA0073ED01 /* Content-ViewModel.swift in Sources */,
				6503BF882A7C00AC0073ED01 /* TaskEntity+CoreDataProperties.swift in Sources */,
				6503BF822A7BFFFC0073ED01 /* TodoList.xcdatamodeld in Sources */,
				6503BF872A7C00AC0073ED01 /* TaskEntity+CoreDataClass.swift in Sources */,
			);
			runOnlyForDeploymentPostprocessing = 0;
		};
		65E993EE2A7BC5FF00CC206D /* Sources */ = {
			isa = PBXSourcesBuildPhase;
			buildActionMask = 2147483647;
			files = (
				65E993F72A7BC5FF00CC206D /* TodoListTests.swift in Sources */,
			);
			runOnlyForDeploymentPostprocessing = 0;
		};
		65E993F82A7BC5FF00CC206D /* Sources */ = {
			isa = PBXSourcesBuildPhase;
			buildActionMask = 2147483647;
			files = (
				65E994032A7BC5FF00CC206D /* TodoListUITestsLaunchTests.swift in Sources */,
				65E994012A7BC5FF00CC206D /* TodoListUITests.swift in Sources */,
			);
			runOnlyForDeploymentPostprocessing = 0;
		};
/* End PBXSourcesBuildPhase section */

/* Begin PBXTargetDependency section */
		65E993F42A7BC5FF00CC206D /* PBXTargetDependency */ = {
			isa = PBXTargetDependency;
			target = 65E993E12A7BC5FE00CC206D /* TodoList */;
			targetProxy = 65E993F32A7BC5FF00CC206D /* PBXContainerItemProxy */;
		};
		65E993FE2A7BC5FF00CC206D /* PBXTargetDependency */ = {
			isa = PBXTargetDependency;
			target = 65E993E12A7BC5FE00CC206D /* TodoList */;
			targetProxy = 65E993FD2A7BC5FF00CC206D /* PBXContainerItemProxy */;
		};
/* End PBXTargetDependency section */

/* Begin XCBuildConfiguration section */
		65E994042A7BC5FF00CC206D /* Debug */ = {
			isa = XCBuildConfiguration;
			buildSettings = {
				ALWAYS_SEARCH_USER_PATHS = NO;
				CLANG_ANALYZER_NONNULL = YES;
				CLANG_ANALYZER_NUMBER_OBJECT_CONVERSION = YES_AGGRESSIVE;
				CLANG_CXX_LANGUAGE_STANDARD = "gnu++20";
				CLANG_ENABLE_MODULES = YES;
				CLANG_ENABLE_OBJC_ARC = YES;
				CLANG_ENABLE_OBJC_WEAK = YES;
				CLANG_WARN_BLOCK_CAPTURE_AUTORELEASING = YES;
				CLANG_WARN_BOOL_CONVERSION = YES;
				CLANG_WARN_COMMA = YES;
				CLANG_WARN_CONSTANT_CONVERSION = YES;
				CLANG_WARN_DEPRECATED_OBJC_IMPLEMENTATIONS = YES;
				CLANG_WARN_DIRECT_OBJC_ISA_USAGE = YES_ERROR;
				CLANG_WARN_DOCUMENTATION_COMMENTS = YES;
				CLANG_WARN_EMPTY_BODY = YES;
				CLANG_WARN_ENUM_CONVERSION = YES;
				CLANG_WARN_INFINITE_RECURSION = YES;
				CLANG_WARN_INT_CONVERSION = YES;
				CLANG_WARN_NON_LITERAL_NULL_CONVERSION = YES;
				CLANG_WARN_OBJC_IMPLICIT_RETAIN_SELF = YES;
				CLANG_WARN_OBJC_LITERAL_CONVERSION = YES;
				CLANG_WARN_OBJC_ROOT_CLASS = YES_ERROR;
				CLANG_WARN_QUOTED_INCLUDE_IN_FRAMEWORK_HEADER = YES;
				CLANG_WARN_RANGE_LOOP_ANALYSIS = YES;
				CLANG_WARN_STRICT_PROTOTYPES = YES;
				CLANG_WARN_SUSPICIOUS_MOVE = YES;
				CLANG_WARN_UNGUARDED_AVAILABILITY = YES_AGGRESSIVE;
				CLANG_WARN_UNREACHABLE_CODE = YES;
				CLANG_WARN__DUPLICATE_METHOD_MATCH = YES;
				COPY_PHASE_STRIP = NO;
				DEBUG_INFORMATION_FORMAT = dwarf;
				ENABLE_STRICT_OBJC_MSGSEND = YES;
				ENABLE_TESTABILITY = YES;
				GCC_C_LANGUAGE_STANDARD = gnu11;
				GCC_DYNAMIC_NO_PIC = NO;
				GCC_NO_COMMON_BLOCKS = YES;
				GCC_OPTIMIZATION_LEVEL = 0;
				GCC_PREPROCESSOR_DEFINITIONS = (
					"DEBUG=1",
					"$(inherited)",
				);
				GCC_WARN_64_TO_32_BIT_CONVERSION = YES;
				GCC_WARN_ABOUT_RETURN_TYPE = YES_ERROR;
				GCC_WARN_UNDECLARED_SELECTOR = YES;
				GCC_WARN_UNINITIALIZED_AUTOS = YES_AGGRESSIVE;
				GCC_WARN_UNUSED_FUNCTION = YES;
				GCC_WARN_UNUSED_VARIABLE = YES;
				IPHONEOS_DEPLOYMENT_TARGET = 16.4;
				MTL_ENABLE_DEBUG_INFO = INCLUDE_SOURCE;
				MTL_FAST_MATH = YES;
				ONLY_ACTIVE_ARCH = YES;
				SDKROOT = iphoneos;
				SWIFT_ACTIVE_COMPILATION_CONDITIONS = DEBUG;
				SWIFT_OPTIMIZATION_LEVEL = "-Onone";
			};
			name = Debug;
		};
		65E994052A7BC5FF00CC206D /* Release */ = {
			isa = XCBuildConfiguration;
			buildSettings = {
				ALWAYS_SEARCH_USER_PATHS = NO;
				CLANG_ANALYZER_NONNULL = YES;
				CLANG_ANALYZER_NUMBER_OBJECT_CONVERSION = YES_AGGRESSIVE;
				CLANG_CXX_LANGUAGE_STANDARD = "gnu++20";
				CLANG_ENABLE_MODULES = YES;
				CLANG_ENABLE_OBJC_ARC = YES;
				CLANG_ENABLE_OBJC_WEAK = YES;
				CLANG_WARN_BLOCK_CAPTURE_AUTORELEASING = YES;
				CLANG_WARN_BOOL_CONVERSION = YES;
				CLANG_WARN_COMMA = YES;
				CLANG_WARN_CONSTANT_CONVERSION = YES;
				CLANG_WARN_DEPRECATED_OBJC_IMPLEMENTATIONS = YES;
				CLANG_WARN_DIRECT_OBJC_ISA_USAGE = YES_ERROR;
				CLANG_WARN_DOCUMENTATION_COMMENTS = YES;
				CLANG_WARN_EMPTY_BODY = YES;
				CLANG_WARN_ENUM_CONVERSION = YES;
				CLANG_WARN_INFINITE_RECURSION = YES;
				CLANG_WARN_INT_CONVERSION = YES;
				CLANG_WARN_NON_LITERAL_NULL_CONVERSION = YES;
				CLANG_WARN_OBJC_IMPLICIT_RETAIN_SELF = YES;
				CLANG_WARN_OBJC_LITERAL_CONVERSION = YES;
				CLANG_WARN_OBJC_ROOT_CLASS = YES_ERROR;
				CLANG_WARN_QUOTED_INCLUDE_IN_FRAMEWORK_HEADER = YES;
				CLANG_WARN_RANGE_LOOP_ANALYSIS = YES;
				CLANG_WARN_STRICT_PROTOTYPES = YES;
				CLANG_WARN_SUSPICIOUS_MOVE = YES;
				CLANG_WARN_UNGUARDED_AVAILABILITY = YES_AGGRESSIVE;
				CLANG_WARN_UNREACHABLE_CODE = YES;
				CLANG_WARN__DUPLICATE_METHOD_MATCH = YES;
				COPY_PHASE_STRIP = NO;
				DEBUG_INFORMATION_FORMAT = "dwarf-with-dsym";
				ENABLE_NS_ASSERTIONS = NO;
				ENABLE_STRICT_OBJC_MSGSEND = YES;
				GCC_C_LANGUAGE_STANDARD = gnu11;
				GCC_NO_COMMON_BLOCKS = YES;
				GCC_WARN_64_TO_32_BIT_CONVERSION = YES;
				GCC_WARN_ABOUT_RETURN_TYPE = YES_ERROR;
				GCC_WARN_UNDECLARED_SELECTOR = YES;
				GCC_WARN_UNINITIALIZED_AUTOS = YES_AGGRESSIVE;
				GCC_WARN_UNUSED_FUNCTION = YES;
				GCC_WARN_UNUSED_VARIABLE = YES;
				IPHONEOS_DEPLOYMENT_TARGET = 16.4;
				MTL_ENABLE_DEBUG_INFO = NO;
				MTL_FAST_MATH = YES;
				SDKROOT = iphoneos;
				SWIFT_COMPILATION_MODE = wholemodule;
				SWIFT_OPTIMIZATION_LEVEL = "-O";
				VALIDATE_PRODUCT = YES;
			};
			name = Release;
		};
		65E994072A7BC5FF00CC206D /* Debug */ = {
			isa = XCBuildConfiguration;
			buildSettings = {
				ASSETCATALOG_COMPILER_APPICON_NAME = AppIcon;
				ASSETCATALOG_COMPILER_GLOBAL_ACCENT_COLOR_NAME = AccentColor;
				CODE_SIGN_STYLE = Automatic;
				CURRENT_PROJECT_VERSION = 1;
				DEVELOPMENT_ASSET_PATHS = "\"TodoList/Preview Content\"";
				DEVELOPMENT_TEAM = 9MCN5686MN;
				ENABLE_PREVIEWS = YES;
				GENERATE_INFOPLIST_FILE = YES;
				INFOPLIST_KEY_UIApplicationSceneManifest_Generation = YES;
				INFOPLIST_KEY_UIApplicationSupportsIndirectInputEvents = YES;
				INFOPLIST_KEY_UILaunchScreen_Generation = YES;
				INFOPLIST_KEY_UISupportedInterfaceOrientations_iPad = "UIInterfaceOrientationPortrait UIInterfaceOrientationPortraitUpsideDown UIInterfaceOrientationLandscapeLeft UIInterfaceOrientationLandscapeRight";
				INFOPLIST_KEY_UISupportedInterfaceOrientations_iPhone = "UIInterfaceOrientationPortrait UIInterfaceOrientationLandscapeLeft UIInterfaceOrientationLandscapeRight";
				LD_RUNPATH_SEARCH_PATHS = (
					"$(inherited)",
					"@executable_path/Frameworks",
				);
				MARKETING_VERSION = 1.0;
				PRODUCT_BUNDLE_IDENTIFIER = com.yugasamuel.TodoList;
				PRODUCT_NAME = "$(TARGET_NAME)";
				SWIFT_EMIT_LOC_STRINGS = YES;
				SWIFT_VERSION = 5.0;
				TARGETED_DEVICE_FAMILY = "1,2";
			};
			name = Debug;
		};
		65E994082A7BC5FF00CC206D /* Release */ = {
			isa = XCBuildConfiguration;
			buildSettings = {
				ASSETCATALOG_COMPILER_APPICON_NAME = AppIcon;
				ASSETCATALOG_COMPILER_GLOBAL_ACCENT_COLOR_NAME = AccentColor;
				CODE_SIGN_STYLE = Automatic;
				CURRENT_PROJECT_VERSION = 1;
				DEVELOPMENT_ASSET_PATHS = "\"TodoList/Preview Content\"";
				DEVELOPMENT_TEAM = 9MCN5686MN;
				ENABLE_PREVIEWS = YES;
				GENERATE_INFOPLIST_FILE = YES;
				INFOPLIST_KEY_UIApplicationSceneManifest_Generation = YES;
				INFOPLIST_KEY_UIApplicationSupportsIndirectInputEvents = YES;
				INFOPLIST_KEY_UILaunchScreen_Generation = YES;
				INFOPLIST_KEY_UISupportedInterfaceOrientations_iPad = "UIInterfaceOrientationPortrait UIInterfaceOrientationPortraitUpsideDown UIInterfaceOrientationLandscapeLeft UIInterfaceOrientationLandscapeRight";
				INFOPLIST_KEY_UISupportedInterfaceOrientations_iPhone = "UIInterfaceOrientationPortrait UIInterfaceOrientationLandscapeLeft UIInterfaceOrientationLandscapeRight";
				LD_RUNPATH_SEARCH_PATHS = (
					"$(inherited)",
					"@executable_path/Frameworks",
				);
				MARKETING_VERSION = 1.0;
				PRODUCT_BUNDLE_IDENTIFIER = com.yugasamuel.TodoList;
				PRODUCT_NAME = "$(TARGET_NAME)";
				SWIFT_EMIT_LOC_STRINGS = YES;
				SWIFT_VERSION = 5.0;
				TARGETED_DEVICE_FAMILY = "1,2";
			};
			name = Release;
		};
		65E9940A2A7BC5FF00CC206D /* Debug */ = {
			isa = XCBuildConfiguration;
			buildSettings = {
				ALWAYS_EMBED_SWIFT_STANDARD_LIBRARIES = YES;
				BUNDLE_LOADER = "$(TEST_HOST)";
				CODE_SIGN_STYLE = Automatic;
				CURRENT_PROJECT_VERSION = 1;
				DEVELOPMENT_TEAM = 9MCN5686MN;
				GENERATE_INFOPLIST_FILE = YES;
				IPHONEOS_DEPLOYMENT_TARGET = 16.4;
				MARKETING_VERSION = 1.0;
				PRODUCT_BUNDLE_IDENTIFIER = com.yugasamuel.TodoListTests;
				PRODUCT_NAME = "$(TARGET_NAME)";
				SWIFT_EMIT_LOC_STRINGS = NO;
				SWIFT_VERSION = 5.0;
				TARGETED_DEVICE_FAMILY = "1,2";
				TEST_HOST = "$(BUILT_PRODUCTS_DIR)/TodoList.app/$(BUNDLE_EXECUTABLE_FOLDER_PATH)/TodoList";
			};
			name = Debug;
		};
		65E9940B2A7BC5FF00CC206D /* Release */ = {
			isa = XCBuildConfiguration;
			buildSettings = {
				ALWAYS_EMBED_SWIFT_STANDARD_LIBRARIES = YES;
				BUNDLE_LOADER = "$(TEST_HOST)";
				CODE_SIGN_STYLE = Automatic;
				CURRENT_PROJECT_VERSION = 1;
				DEVELOPMENT_TEAM = 9MCN5686MN;
				GENERATE_INFOPLIST_FILE = YES;
				IPHONEOS_DEPLOYMENT_TARGET = 16.4;
				MARKETING_VERSION = 1.0;
				PRODUCT_BUNDLE_IDENTIFIER = com.yugasamuel.TodoListTests;
				PRODUCT_NAME = "$(TARGET_NAME)";
				SWIFT_EMIT_LOC_STRINGS = NO;
				SWIFT_VERSION = 5.0;
				TARGETED_DEVICE_FAMILY = "1,2";
				TEST_HOST = "$(BUILT_PRODUCTS_DIR)/TodoList.app/$(BUNDLE_EXECUTABLE_FOLDER_PATH)/TodoList";
			};
			name = Release;
		};
		65E9940D2A7BC5FF00CC206D /* Debug */ = {
			isa = XCBuildConfiguration;
			buildSettings = {
				ALWAYS_EMBED_SWIFT_STANDARD_LIBRARIES = YES;
				CODE_SIGN_STYLE = Automatic;
				CURRENT_PROJECT_VERSION = 1;
				DEVELOPMENT_TEAM = 9MCN5686MN;
				GENERATE_INFOPLIST_FILE = YES;
				MARKETING_VERSION = 1.0;
				PRODUCT_BUNDLE_IDENTIFIER = com.yugasamuel.TodoListUITests;
				PRODUCT_NAME = "$(TARGET_NAME)";
				SWIFT_EMIT_LOC_STRINGS = NO;
				SWIFT_VERSION = 5.0;
				TARGETED_DEVICE_FAMILY = "1,2";
				TEST_TARGET_NAME = TodoList;
			};
			name = Debug;
		};
		65E9940E2A7BC5FF00CC206D /* Release */ = {
			isa = XCBuildConfiguration;
			buildSettings = {
				ALWAYS_EMBED_SWIFT_STANDARD_LIBRARIES = YES;
				CODE_SIGN_STYLE = Automatic;
				CURRENT_PROJECT_VERSION = 1;
				DEVELOPMENT_TEAM = 9MCN5686MN;
				GENERATE_INFOPLIST_FILE = YES;
				MARKETING_VERSION = 1.0;
				PRODUCT_BUNDLE_IDENTIFIER = com.yugasamuel.TodoListUITests;
				PRODUCT_NAME = "$(TARGET_NAME)";
				SWIFT_EMIT_LOC_STRINGS = NO;
				SWIFT_VERSION = 5.0;
				TARGETED_DEVICE_FAMILY = "1,2";
				TEST_TARGET_NAME = TodoList;
			};
			name = Release;
		};
/* End XCBuildConfiguration section */

/* Begin XCConfigurationList section */
		65E993DD2A7BC5FE00CC206D /* Build configuration list for PBXProject "TodoList" */ = {
			isa = XCConfigurationList;
			buildConfigurations = (
				65E994042A7BC5FF00CC206D /* Debug */,
				65E994052A7BC5FF00CC206D /* Release */,
			);
			defaultConfigurationIsVisible = 0;
			defaultConfigurationName = Release;
		};
		65E994062A7BC5FF00CC206D /* Build configuration list for PBXNativeTarget "TodoList" */ = {
			isa = XCConfigurationList;
			buildConfigurations = (
				65E994072A7BC5FF00CC206D /* Debug */,
				65E994082A7BC5FF00CC206D /* Release */,
			);
			defaultConfigurationIsVisible = 0;
			defaultConfigurationName = Release;
		};
		65E994092A7BC5FF00CC206D /* Build configuration list for PBXNativeTarget "TodoListTests" */ = {
			isa = XCConfigurationList;
			buildConfigurations = (
				65E9940A2A7BC5FF00CC206D /* Debug */,
				65E9940B2A7BC5FF00CC206D /* Release */,
			);
			defaultConfigurationIsVisible = 0;
			defaultConfigurationName = Release;
		};
		65E9940C2A7BC5FF00CC206D /* Build configuration list for PBXNativeTarget "TodoListUITests" */ = {
			isa = XCConfigurationList;
			buildConfigurations = (
				65E9940D2A7BC5FF00CC206D /* Debug */,
				65E9940E2A7BC5FF00CC206D /* Release */,
			);
			defaultConfigurationIsVisible = 0;
			defaultConfigurationName = Release;
		};
/* End XCConfigurationList section */

/* Begin XCVersionGroup section */
		6503BF802A7BFFFC0073ED01 /* TodoList.xcdatamodeld */ = {
			isa = XCVersionGroup;
			children = (
				6503BF812A7BFFFC0073ED01 /* TodoList.xcdatamodel */,
			);
			currentVersion = 6503BF812A7BFFFC0073ED01 /* TodoList.xcdatamodel */;
			path = TodoList.xcdatamodeld;
			sourceTree = "<group>";
			versionGroupType = wrapper.xcdatamodel;
		};
/* End XCVersionGroup section */
	};
	rootObject = 65E993DA2A7BC5FE00CC206D /* Project object */;
}
